// !$*UTF8*$!
{
	archiveVersion = 1;
	classes = {
	};
	objectVersion = 56;
	objects = {

/* Begin PBXBuildFile section */
		004595112A05F2C20060472F /* AppDelegate.swift in Sources */ = {isa = PBXBuildFile; fileRef = 004595102A05F2C20060472F /* AppDelegate.swift */; };
		004595132A05F2C20060472F /* SceneDelegate.swift in Sources */ = {isa = PBXBuildFile; fileRef = 004595122A05F2C20060472F /* SceneDelegate.swift */; };
		004595152A05F2C20060472F /* ViewController.swift in Sources */ = {isa = PBXBuildFile; fileRef = 004595142A05F2C20060472F /* ViewController.swift */; };
		0045951A2A05F2C40060472F /* Assets.xcassets in Resources */ = {isa = PBXBuildFile; fileRef = 004595192A05F2C40060472F /* Assets.xcassets */; };
		0045951D2A05F2C40060472F /* LaunchScreen.storyboard in Resources */ = {isa = PBXBuildFile; fileRef = 0045951B2A05F2C40060472F /* LaunchScreen.storyboard */; };
		004595252A05FAE60060472F /* HabitsStore.swift in Sources */ = {isa = PBXBuildFile; fileRef = 004595242A05FAE60060472F /* HabitsStore.swift */; };
		004595272A05FB140060472F /* ProgressCollectionViewCell.swift in Sources */ = {isa = PBXBuildFile; fileRef = 004595262A05FB140060472F /* ProgressCollectionViewCell.swift */; };
		004595292A05FB3E0060472F /* HabitDetailsViewController.swift in Sources */ = {isa = PBXBuildFile; fileRef = 004595282A05FB3E0060472F /* HabitDetailsViewController.swift */; };
		0045952B2A05FB5F0060472F /* HabitViewController.swift in Sources */ = {isa = PBXBuildFile; fileRef = 0045952A2A05FB5F0060472F /* HabitViewController.swift */; };
		0045952D2A05FBB20060472F /* HabitCollectionViewCell.swift in Sources */ = {isa = PBXBuildFile; fileRef = 0045952C2A05FBB20060472F /* HabitCollectionViewCell.swift */; };
		0045952F2A05FBDF0060472F /* HabitsViewController.swift in Sources */ = {isa = PBXBuildFile; fileRef = 0045952E2A05FBDF0060472F /* HabitsViewController.swift */; };
		004595312A05FC440060472F /* InfoViewController.swift in Sources */ = {isa = PBXBuildFile; fileRef = 004595302A05FC440060472F /* InfoViewController.swift */; };
/* End PBXBuildFile section */

/* Begin PBXFileReference section */
		0045950D2A05F2C20060472F /* MyHabitsNetology.app */ = {isa = PBXFileReference; explicitFileType = wrapper.application; includeInIndex = 0; path = MyHabitsNetology.app; sourceTree = BUILT_PRODUCTS_DIR; };
		004595102A05F2C20060472F /* AppDelegate.swift */ = {isa = PBXFileReference; lastKnownFileType = sourcecode.swift; path = AppDelegate.swift; sourceTree = "<group>"; };
		004595122A05F2C20060472F /* SceneDelegate.swift */ = {isa = PBXFileReference; lastKnownFileType = sourcecode.swift; path = SceneDelegate.swift; sourceTree = "<group>"; };
		004595142A05F2C20060472F /* ViewController.swift */ = {isa = PBXFileReference; lastKnownFileType = sourcecode.swift; path = ViewController.swift; sourceTree = "<group>"; };
		004595192A05F2C40060472F /* Assets.xcassets */ = {isa = PBXFileReference; lastKnownFileType = folder.assetcatalog; path = Assets.xcassets; sourceTree = "<group>"; };
		0045951C2A05F2C40060472F /* Base */ = {isa = PBXFileReference; lastKnownFileType = file.storyboard; name = Base; path = Base.lproj/LaunchScreen.storyboard; sourceTree = "<group>"; };
		0045951E2A05F2C40060472F /* Info.plist */ = {isa = PBXFileReference; lastKnownFileType = text.plist.xml; path = Info.plist; sourceTree = "<group>"; };
		004595242A05FAE60060472F /* HabitsStore.swift */ = {isa = PBXFileReference; lastKnownFileType = sourcecode.swift; path = HabitsStore.swift; sourceTree = "<group>"; };
		004595262A05FB140060472F /* ProgressCollectionViewCell.swift */ = {isa = PBXFileReference; lastKnownFileType = sourcecode.swift; path = ProgressCollectionViewCell.swift; sourceTree = "<group>"; };
		004595282A05FB3E0060472F /* HabitDetailsViewController.swift */ = {isa = PBXFileReference; lastKnownFileType = sourcecode.swift; path = HabitDetailsViewController.swift; sourceTree = "<group>"; };
		0045952A2A05FB5F0060472F /* HabitViewController.swift */ = {isa = PBXFileReference; lastKnownFileType = sourcecode.swift; path = HabitViewController.swift; sourceTree = "<group>"; };
		0045952C2A05FBB20060472F /* HabitCollectionViewCell.swift */ = {isa = PBXFileReference; lastKnownFileType = sourcecode.swift; path = HabitCollectionViewCell.swift; sourceTree = "<group>"; };
		0045952E2A05FBDF0060472F /* HabitsViewController.swift */ = {isa = PBXFileReference; lastKnownFileType = sourcecode.swift; path = HabitsViewController.swift; sourceTree = "<group>"; };
		004595302A05FC440060472F /* InfoViewController.swift */ = {isa = PBXFileReference; lastKnownFileType = sourcecode.swift; path = InfoViewController.swift; sourceTree = "<group>"; };
/* End PBXFileReference section */

/* Begin PBXFrameworksBuildPhase section */
		0045950A2A05F2C20060472F /* Frameworks */ = {
			isa = PBXFrameworksBuildPhase;
			buildActionMask = 2147483647;
			files = (
			);
			runOnlyForDeploymentPostprocessing = 0;
		};
/* End PBXFrameworksBuildPhase section */

/* Begin PBXGroup section */
		004595042A05F2C20060472F = {
			isa = PBXGroup;
			children = (
				0045950F2A05F2C20060472F /* MyHabitsNetology */,
				0045950E2A05F2C20060472F /* Products */,
			);
			sourceTree = "<group>";
		};
		0045950E2A05F2C20060472F /* Products */ = {
			isa = PBXGroup;
			children = (
				0045950D2A05F2C20060472F /* MyHabitsNetology.app */,
			);
			name = Products;
			sourceTree = "<group>";
		};
		0045950F2A05F2C20060472F /* MyHabitsNetology */ = {
			isa = PBXGroup;
			children = (
				004595102A05F2C20060472F /* AppDelegate.swift */,
				004595122A05F2C20060472F /* SceneDelegate.swift */,
				004595242A05FAE60060472F /* HabitsStore.swift */,
				004595262A05FB140060472F /* ProgressCollectionViewCell.swift */,
				004595282A05FB3E0060472F /* HabitDetailsViewController.swift */,
				0045952A2A05FB5F0060472F /* HabitViewController.swift */,
				0045952C2A05FBB20060472F /* HabitCollectionViewCell.swift */,
				0045952E2A05FBDF0060472F /* HabitsViewController.swift */,
				004595302A05FC440060472F /* InfoViewController.swift */,
				004595142A05F2C20060472F /* ViewController.swift */,
				004595192A05F2C40060472F /* Assets.xcassets */,
				0045951B2A05F2C40060472F /* LaunchScreen.storyboard */,
				0045951E2A05F2C40060472F /* Info.plist */,
			);
			path = MyHabitsNetology;
			sourceTree = "<group>";
		};
/* End PBXGroup section */

/* Begin PBXNativeTarget section */
		0045950C2A05F2C20060472F /* MyHabitsNetology */ = {
			isa = PBXNativeTarget;
			buildConfigurationList = 004595212A05F2C40060472F /* Build configuration list for PBXNativeTarget "MyHabitsNetology" */;
			buildPhases = (
				004595092A05F2C20060472F /* Sources */,
				0045950A2A05F2C20060472F /* Frameworks */,
				0045950B2A05F2C20060472F /* Resources */,
			);
			buildRules = (
			);
			dependencies = (
			);
			name = MyHabitsNetology;
			productName = MyHabitsNetology;
			productReference = 0045950D2A05F2C20060472F /* MyHabitsNetology.app */;
			productType = "com.apple.product-type.application";
		};
/* End PBXNativeTarget section */

/* Begin PBXProject section */
		004595052A05F2C20060472F /* Project object */ = {
			isa = PBXProject;
			attributes = {
				BuildIndependentTargetsInParallel = 1;
				LastSwiftUpdateCheck = 1420;
				LastUpgradeCheck = 1420;
				TargetAttributes = {
					0045950C2A05F2C20060472F = {
						CreatedOnToolsVersion = 14.2;
					};
				};
			};
			buildConfigurationList = 004595082A05F2C20060472F /* Build configuration list for PBXProject "MyHabitsNetology" */;
			compatibilityVersion = "Xcode 14.0";
			developmentRegion = en;
			hasScannedForEncodings = 0;
			knownRegions = (
				en,
				Base,
			);
			mainGroup = 004595042A05F2C20060472F;
			productRefGroup = 0045950E2A05F2C20060472F /* Products */;
			projectDirPath = "";
			projectRoot = "";
			targets = (
				0045950C2A05F2C20060472F /* MyHabitsNetology */,
			);
		};
/* End PBXProject section */

/* Begin PBXResourcesBuildPhase section */
		0045950B2A05F2C20060472F /* Resources */ = {
			isa = PBXResourcesBuildPhase;
			buildActionMask = 2147483647;
			files = (
				0045951D2A05F2C40060472F /* LaunchScreen.storyboard in Resources */,
				0045951A2A05F2C40060472F /* Assets.xcassets in Resources */,
			);
			runOnlyForDeploymentPostprocessing = 0;
		};
/* End PBXResourcesBuildPhase section */

/* Begin PBXSourcesBuildPhase section */
		004595092A05F2C20060472F /* Sources */ = {
			isa = PBXSourcesBuildPhase;
			buildActionMask = 2147483647;
			files = (
				004595252A05FAE60060472F /* HabitsStore.swift in Sources */,
				004595272A05FB140060472F /* ProgressCollectionViewCell.swift in Sources */,
				0045952B2A05FB5F0060472F /* HabitViewController.swift in Sources */,
				004595152A05F2C20060472F /* ViewController.swift in Sources */,
				004595312A05FC440060472F /* InfoViewController.swift in Sources */,
				0045952F2A05FBDF0060472F /* HabitsViewController.swift in Sources */,
				004595112A05F2C20060472F /* AppDelegate.swift in Sources */,
				004595292A05FB3E0060472F /* HabitDetailsViewController.swift in Sources */,
				004595132A05F2C20060472F /* SceneDelegate.swift in Sources */,
				0045952D2A05FBB20060472F /* HabitCollectionViewCell.swift in Sources */,
			);
			runOnlyForDeploymentPostprocessing = 0;
		};
/* End PBXSourcesBuildPhase section */

/* Begin PBXVariantGroup section */
		0045951B2A05F2C40060472F /* LaunchScreen.storyboard */ = {
			isa = PBXVariantGroup;
			children = (
				0045951C2A05F2C40060472F /* Base */,
			);
			name = LaunchScreen.storyboard;
			sourceTree = "<group>";
		};
/* End PBXVariantGroup section */

/* Begin XCBuildConfiguration section */
		0045951F2A05F2C40060472F /* Debug */ = {
			isa = XCBuildConfiguration;
			buildSettings = {
				ALWAYS_SEARCH_USER_PATHS = NO;
				CLANG_ANALYZER_NONNULL = YES;
				CLANG_ANALYZER_NUMBER_OBJECT_CONVERSION = YES_AGGRESSIVE;
				CLANG_CXX_LANGUAGE_STANDARD = "gnu++20";
				CLANG_ENABLE_MODULES = YES;
				CLANG_ENABLE_OBJC_ARC = YES;
				CLANG_ENABLE_OBJC_WEAK = YES;
				CLANG_WARN_BLOCK_CAPTURE_AUTORELEASING = YES;
				CLANG_WARN_BOOL_CONVERSION = YES;
				CLANG_WARN_COMMA = YES;
				CLANG_WARN_CONSTANT_CONVERSION = YES;
				CLANG_WARN_DEPRECATED_OBJC_IMPLEMENTATIONS = YES;
				CLANG_WARN_DIRECT_OBJC_ISA_USAGE = YES_ERROR;
				CLANG_WARN_DOCUMENTATION_COMMENTS = YES;
				CLANG_WARN_EMPTY_BODY = YES;
				CLANG_WARN_ENUM_CONVERSION = YES;
				CLANG_WARN_INFINITE_RECURSION = YES;
				CLANG_WARN_INT_CONVERSION = YES;
				CLANG_WARN_NON_LITERAL_NULL_CONVERSION = YES;
				CLANG_WARN_OBJC_IMPLICIT_RETAIN_SELF = YES;
				CLANG_WARN_OBJC_LITERAL_CONVERSION = YES;
				CLANG_WARN_OBJC_ROOT_CLASS = YES_ERROR;
				CLANG_WARN_QUOTED_INCLUDE_IN_FRAMEWORK_HEADER = YES;
				CLANG_WARN_RANGE_LOOP_ANALYSIS = YES;
				CLANG_WARN_STRICT_PROTOTYPES = YES;
				CLANG_WARN_SUSPICIOUS_MOVE = YES;
				CLANG_WARN_UNGUARDED_AVAILABILITY = YES_AGGRESSIVE;
				CLANG_WARN_UNREACHABLE_CODE = YES;
				CLANG_WARN__DUPLICATE_METHOD_MATCH = YES;
				COPY_PHASE_STRIP = NO;
				DEBUG_INFORMATION_FORMAT = dwarf;
				ENABLE_STRICT_OBJC_MSGSEND = YES;
				ENABLE_TESTABILITY = YES;
				GCC_C_LANGUAGE_STANDARD = gnu11;
				GCC_DYNAMIC_NO_PIC = NO;
				GCC_NO_COMMON_BLOCKS = YES;
				GCC_OPTIMIZATION_LEVEL = 0;
				GCC_PREPROCESSOR_DEFINITIONS = (
					"DEBUG=1",
					"$(inherited)",
				);
				GCC_WARN_64_TO_32_BIT_CONVERSION = YES;
				GCC_WARN_ABOUT_RETURN_TYPE = YES_ERROR;
				GCC_WARN_UNDECLARED_SELECTOR = YES;
				GCC_WARN_UNINITIALIZED_AUTOS = YES_AGGRESSIVE;
				GCC_WARN_UNUSED_FUNCTION = YES;
				GCC_WARN_UNUSED_VARIABLE = YES;
				IPHONEOS_DEPLOYMENT_TARGET = 16.2;
				MTL_ENABLE_DEBUG_INFO = INCLUDE_SOURCE;
				MTL_FAST_MATH = YES;
				ONLY_ACTIVE_ARCH = YES;
				SDKROOT = iphoneos;
				SWIFT_ACTIVE_COMPILATION_CONDITIONS = DEBUG;
				SWIFT_OPTIMIZATION_LEVEL = "-Onone";
			};
			name = Debug;
		};
		004595202A05F2C40060472F /* Release */ = {
			isa = XCBuildConfiguration;
			buildSettings = {
				ALWAYS_SEARCH_USER_PATHS = NO;
				CLANG_ANALYZER_NONNULL = YES;
				CLANG_ANALYZER_NUMBER_OBJECT_CONVERSION = YES_AGGRESSIVE;
				CLANG_CXX_LANGUAGE_STANDARD = "gnu++20";
				CLANG_ENABLE_MODULES = YES;
				CLANG_ENABLE_OBJC_ARC = YES;
				CLANG_ENABLE_OBJC_WEAK = YES;
				CLANG_WARN_BLOCK_CAPTURE_AUTORELEASING = YES;
				CLANG_WARN_BOOL_CONVERSION = YES;
				CLANG_WARN_COMMA = YES;
				CLANG_WARN_CONSTANT_CONVERSION = YES;
				CLANG_WARN_DEPRECATED_OBJC_IMPLEMENTATIONS = YES;
				CLANG_WARN_DIRECT_OBJC_ISA_USAGE = YES_ERROR;
				CLANG_WARN_DOCUMENTATION_COMMENTS = YES;
				CLANG_WARN_EMPTY_BODY = YES;
				CLANG_WARN_ENUM_CONVERSION = YES;
				CLANG_WARN_INFINITE_RECURSION = YES;
				CLANG_WARN_INT_CONVERSION = YES;
				CLANG_WARN_NON_LITERAL_NULL_CONVERSION = YES;
				CLANG_WARN_OBJC_IMPLICIT_RETAIN_SELF = YES;
				CLANG_WARN_OBJC_LITERAL_CONVERSION = YES;
				CLANG_WARN_OBJC_ROOT_CLASS = YES_ERROR;
				CLANG_WARN_QUOTED_INCLUDE_IN_FRAMEWORK_HEADER = YES;
				CLANG_WARN_RANGE_LOOP_ANALYSIS = YES;
				CLANG_WARN_STRICT_PROTOTYPES = YES;
				CLANG_WARN_SUSPICIOUS_MOVE = YES;
				CLANG_WARN_UNGUARDED_AVAILABILITY = YES_AGGRESSIVE;
				CLANG_WARN_UNREACHABLE_CODE = YES;
				CLANG_WARN__DUPLICATE_METHOD_MATCH = YES;
				COPY_PHASE_STRIP = NO;
				DEBUG_INFORMATION_FORMAT = "dwarf-with-dsym";
				ENABLE_NS_ASSERTIONS = NO;
				ENABLE_STRICT_OBJC_MSGSEND = YES;
				GCC_C_LANGUAGE_STANDARD = gnu11;
				GCC_NO_COMMON_BLOCKS = YES;
				GCC_WARN_64_TO_32_BIT_CONVERSION = YES;
				GCC_WARN_ABOUT_RETURN_TYPE = YES_ERROR;
				GCC_WARN_UNDECLARED_SELECTOR = YES;
				GCC_WARN_UNINITIALIZED_AUTOS = YES_AGGRESSIVE;
				GCC_WARN_UNUSED_FUNCTION = YES;
				GCC_WARN_UNUSED_VARIABLE = YES;
				IPHONEOS_DEPLOYMENT_TARGET = 16.2;
				MTL_ENABLE_DEBUG_INFO = NO;
				MTL_FAST_MATH = YES;
				SDKROOT = iphoneos;
				SWIFT_COMPILATION_MODE = wholemodule;
				SWIFT_OPTIMIZATION_LEVEL = "-O";
				VALIDATE_PRODUCT = YES;
			};
			name = Release;
		};
		004595222A05F2C40060472F /* Debug */ = {
			isa = XCBuildConfiguration;
			buildSettings = {
				ASSETCATALOG_COMPILER_APPICON_NAME = AppIcon;
				ASSETCATALOG_COMPILER_GLOBAL_ACCENT_COLOR_NAME = AccentColor;
				CODE_SIGN_STYLE = Automatic;
				CURRENT_PROJECT_VERSION = 1;
				DEVELOPMENT_TEAM = 98Z2UWS5M6;
				GENERATE_INFOPLIST_FILE = YES;
				INFOPLIST_FILE = MyHabitsNetology/Info.plist;
				INFOPLIST_KEY_UIApplicationSupportsIndirectInputEvents = YES;
				INFOPLIST_KEY_UILaunchStoryboardName = LaunchScreen;
				INFOPLIST_KEY_UIStatusBarStyle = "";
				INFOPLIST_KEY_UISupportedInterfaceOrientations = UIInterfaceOrientationPortrait;
				IPHONEOS_DEPLOYMENT_TARGET = 14.0;
				LD_RUNPATH_SEARCH_PATHS = (
					"$(inherited)",
					"@executable_path/Frameworks",
				);
				MARKETING_VERSION = 1.0;
				PRODUCT_BUNDLE_IDENTIFIER = com.amsterdance26.MyHabitsNetology;
				PRODUCT_NAME = "$(TARGET_NAME)";
				SUPPORTED_PLATFORMS = "iphoneos iphonesimulator";
				SUPPORTS_MACCATALYST = NO;
				SUPPORTS_MAC_DESIGNED_FOR_IPHONE_IPAD = NO;
				SWIFT_EMIT_LOC_STRINGS = YES;
				SWIFT_VERSION = 5.0;
				TARGETED_DEVICE_FAMILY = "1,2";
			};
			name = Debug;
		};
		004595232A05F2C40060472F /* Release */ = {
			isa = XCBuildConfiguration;
			buildSettings = {
				ASSETCATALOG_COMPILER_APPICON_NAME = AppIcon;
				ASSETCATALOG_COMPILER_GLOBAL_ACCENT_COLOR_NAME = AccentColor;
				CODE_SIGN_STYLE = Automatic;
				CURRENT_PROJECT_VERSION = 1;
				DEVELOPMENT_TEAM = 98Z2UWS5M6;
				GENERATE_INFOPLIST_FILE = YES;
				INFOPLIST_FILE = MyHabitsNetology/Info.plist;
				INFOPLIST_KEY_UIApplicationSupportsIndirectInputEvents = YES;
				INFOPLIST_KEY_UILaunchStoryboardName = LaunchScreen;
				INFOPLIST_KEY_UIStatusBarStyle = "";
				INFOPLIST_KEY_UISupportedInterfaceOrientations = UIInterfaceOrientationPortrait;
				IPHONEOS_DEPLOYMENT_TARGET = 14.0;
				LD_RUNPATH_SEARCH_PATHS = (
					"$(inherited)",
					"@executable_path/Frameworks",
				);
				MARKETING_VERSION = 1.0;
				PRODUCT_BUNDLE_IDENTIFIER = com.amsterdance26.MyHabitsNetology;
				PRODUCT_NAME = "$(TARGET_NAME)";
				SUPPORTED_PLATFORMS = "iphoneos iphonesimulator";
				SUPPORTS_MACCATALYST = NO;
				SUPPORTS_MAC_DESIGNED_FOR_IPHONE_IPAD = NO;
				SWIFT_EMIT_LOC_STRINGS = YES;
				SWIFT_VERSION = 5.0;
				TARGETED_DEVICE_FAMILY = "1,2";
			};
			name = Release;
		};
/* End XCBuildConfiguration section */

/* Begin XCConfigurationList section */
		004595082A05F2C20060472F /* Build configuration list for PBXProject "MyHabitsNetology" */ = {
			isa = XCConfigurationList;
			buildConfigurations = (
				0045951F2A05F2C40060472F /* Debug */,
				004595202A05F2C40060472F /* Release */,
			);
			defaultConfigurationIsVisible = 0;
			defaultConfigurationName = Release;
		};
		004595212A05F2C40060472F /* Build configuration list for PBXNativeTarget "MyHabitsNetology" */ = {
			isa = XCConfigurationList;
			buildConfigurations = (
				004595222A05F2C40060472F /* Debug */,
				004595232A05F2C40060472F /* Release */,
			);
			defaultConfigurationIsVisible = 0;
			defaultConfigurationName = Release;
		};
/* End XCConfigurationList section */
	};
	rootObject = 004595052A05F2C20060472F /* Project object */;
}
